
Microsoft Visual Studio Solution File, Format Version 12.00
# Visual Studio Version 16
VisualStudioVersion = 16.0.31112.23
MinimumVisualStudioVersion = 10.0.40219.1
Project("{FAE04EC0-301F-11D3-BF4B-00C04F79EFBC}") = "InventorySystem.API", "InventorySystem.API\InventorySystem.API.csproj", "{7BB49089-90B0-416A-8588-170EA2242E5C}"
EndProject
Project("{FAE04EC0-301F-11D3-BF4B-00C04F79EFBC}") = "InventorySystem.Contracts", "InventorySystem.Contracts\InventorySystem.Contracts.csproj", "{E125DDAF-B241-4595-8A51-CC7E03C60365}"
EndProject
Global
	GlobalSection(SolutionConfigurationPlatforms) = preSolution
		Debug|Any CPU = Debug|Any CPU
		Release|Any CPU = Release|Any CPU
	EndGlobalSection
	GlobalSection(ProjectConfigurationPlatforms) = postSolution
		{7BB49089-90B0-416A-8588-170EA2242E5C}.Debug|Any CPU.ActiveCfg = Debug|Any CPU
		{7BB49089-90B0-416A-8588-170EA2242E5C}.Debug|Any CPU.Build.0 = Debug|Any CPU
		{7BB49089-90B0-416A-8588-170EA2242E5C}.Release|Any CPU.ActiveCfg = Release|Any CPU
		{7BB49089-90B0-416A-8588-170EA2242E5C}.Release|Any CPU.Build.0 = Release|Any CPU
		{E125DDAF-B241-4595-8A51-CC7E03C60365}.Debug|Any CPU.ActiveCfg = Debug|Any CPU
		{E125DDAF-B241-4595-8A51-CC7E03C60365}.Debug|Any CPU.Build.0 = Debug|Any CPU
		{E125DDAF-B241-4595-8A51-CC7E03C60365}.Release|Any CPU.ActiveCfg = Release|Any CPU
		{E125DDAF-B241-4595-8A51-CC7E03C60365}.Release|Any CPU.Build.0 = Release|Any CPU
	EndGlobalSection
	GlobalSection(SolutionProperties) = preSolution
		HideSolutionNode = FALSE
	EndGlobalSection
	GlobalSection(ExtensibilityGlobals) = postSolution
		SolutionGuid = {7EDA364F-E305-4EBE-A908-DBB14D1DA889}
	EndGlobalSection
EndGlobal
